
Microsoft Visual Studio Solution File, Format Version 12.00
# Visual Studio Version 17
VisualStudioVersion = 17.3.32825.248
MinimumVisualStudioVersion = 10.0.40219.1
Project("{FAE04EC0-301F-11D3-BF4B-00C04F79EFBC}") = "Week_2", "Week_2\Week_2.csproj", "{7E219483-4EB4-481A-93DB-4CF07E4AB4CE}"
EndProject
Project("{FAE04EC0-301F-11D3-BF4B-00C04F79EFBC}") = "UserGenderValidation", "UserAgeValidation\UserGenderValidation.csproj", "{1A4DDBEB-15A5-4D19-B76D-8AB4920C5F85}"
EndProject
Project("{FAE04EC0-301F-11D3-BF4B-00C04F79EFBC}") = "UserAgeValidation1", "UserAgeValidation1\UserAgeValidation1.csproj", "{67098A9D-2C99-4B94-9D8A-22EE4694C386}"
EndProject
Global
	GlobalSection(SolutionConfigurationPlatforms) = preSolution
		Debug|Any CPU = Debug|Any CPU
		Release|Any CPU = Release|Any CPU
	EndGlobalSection
	GlobalSection(ProjectConfigurationPlatforms) = postSolution
		{7E219483-4EB4-481A-93DB-4CF07E4AB4CE}.Debug|Any CPU.ActiveCfg = Debug|Any CPU
		{7E219483-4EB4-481A-93DB-4CF07E4AB4CE}.Debug|Any CPU.Build.0 = Debug|Any CPU
		{7E219483-4EB4-481A-93DB-4CF07E4AB4CE}.Release|Any CPU.ActiveCfg = Release|Any CPU
		{7E219483-4EB4-481A-93DB-4CF07E4AB4CE}.Release|Any CPU.Build.0 = Release|Any CPU
		{1A4DDBEB-15A5-4D19-B76D-8AB4920C5F85}.Debug|Any CPU.ActiveCfg = Debug|Any CPU
		{1A4DDBEB-15A5-4D19-B76D-8AB4920C5F85}.Debug|Any CPU.Build.0 = Debug|Any CPU
		{1A4DDBEB-15A5-4D19-B76D-8AB4920C5F85}.Release|Any CPU.ActiveCfg = Release|Any CPU
		{1A4DDBEB-15A5-4D19-B76D-8AB4920C5F85}.Release|Any CPU.Build.0 = Release|Any CPU
		{67098A9D-2C99-4B94-9D8A-22EE4694C386}.Debug|Any CPU.ActiveCfg = Debug|Any CPU
		{67098A9D-2C99-4B94-9D8A-22EE4694C386}.Debug|Any CPU.Build.0 = Debug|Any CPU
		{67098A9D-2C99-4B94-9D8A-22EE4694C386}.Release|Any CPU.ActiveCfg = Release|Any CPU
		{67098A9D-2C99-4B94-9D8A-22EE4694C386}.Release|Any CPU.Build.0 = Release|Any CPU
	EndGlobalSection
	GlobalSection(SolutionProperties) = preSolution
		HideSolutionNode = FALSE
	EndGlobalSection
	GlobalSection(ExtensibilityGlobals) = postSolution
		SolutionGuid = {9D2C6143-71A4-485A-BC35-C2FB6891DCEB}
	EndGlobalSection
EndGlobal
